
Microsoft Visual Studio Solution File, Format Version 12.00
# Visual Studio Version 16
VisualStudioVersion = 16.0.31729.503
MinimumVisualStudioVersion = 10.0.40219.1
Project("{FAE04EC0-301F-11D3-BF4B-00C04F79EFBC}") = "WebProducts", "WebProducts\WebProducts.csproj", "{DB47CBE9-B550-482F-89FA-D19903E018F8}"
EndProject
Global
	GlobalSection(SolutionConfigurationPlatforms) = preSolution
		Debug|Any CPU = Debug|Any CPU
		Release|Any CPU = Release|Any CPU
	EndGlobalSection
	GlobalSection(ProjectConfigurationPlatforms) = postSolution
		{DB47CBE9-B550-482F-89FA-D19903E018F8}.Debug|Any CPU.ActiveCfg = Debug|Any CPU
		{DB47CBE9-B550-482F-89FA-D19903E018F8}.Debug|Any CPU.Build.0 = Debug|Any CPU
		{DB47CBE9-B550-482F-89FA-D19903E018F8}.Release|Any CPU.ActiveCfg = Release|Any CPU
		{DB47CBE9-B550-482F-89FA-D19903E018F8}.Release|Any CPU.Build.0 = Release|Any CPU
	EndGlobalSection
	GlobalSection(SolutionProperties) = preSolution
		HideSolutionNode = FALSE
	EndGlobalSection
	GlobalSection(ExtensibilityGlobals) = postSolution
		SolutionGuid = {67C7434E-1522-43A1-A2F1-7FD48894A4C2}
	EndGlobalSection
EndGlobal
